
Microsoft Visual Studio Solution File, Format Version 11.00
# Visual Studio 2010
Project("{FAE04EC0-301F-11D3-BF4B-00C04F79EFBC}") = "pasta", "pasta\pasta.csproj", "{C02667C0-C629-4C1D-BBAD-3BFABEBCBE2F}"
EndProject
Global
	GlobalSection(SolutionConfigurationPlatforms) = preSolution
		Debug|x86 = Debug|x86
		Release|x86 = Release|x86
	EndGlobalSection
	GlobalSection(ProjectConfigurationPlatforms) = postSolution
		{C02667C0-C629-4C1D-BBAD-3BFABEBCBE2F}.Debug|x86.ActiveCfg = Debug|x86
		{C02667C0-C629-4C1D-BBAD-3BFABEBCBE2F}.Debug|x86.Build.0 = Debug|x86
		{C02667C0-C629-4C1D-BBAD-3BFABEBCBE2F}.Release|x86.ActiveCfg = Release|x86
		{C02667C0-C629-4C1D-BBAD-3BFABEBCBE2F}.Release|x86.Build.0 = Release|x86
	EndGlobalSection
	GlobalSection(SolutionProperties) = preSolution
		HideSolutionNode = FALSE
	EndGlobalSection
EndGlobal
