
Microsoft Visual Studio Solution File, Format Version 11.00
# Visual Studio 2010
Project("{FAE04EC0-301F-11D3-BF4B-00C04F79EFBC}") = "WindowsFormsApplication18", "WindowsFormsApplication18\WindowsFormsApplication18.csproj", "{B5C96A77-D29E-4348-A4FE-CE1C0CBE4550}"
EndProject
Global
	GlobalSection(SolutionConfigurationPlatforms) = preSolution
		Debug|x86 = Debug|x86
		Release|x86 = Release|x86
	EndGlobalSection
	GlobalSection(ProjectConfigurationPlatforms) = postSolution
		{B5C96A77-D29E-4348-A4FE-CE1C0CBE4550}.Debug|x86.ActiveCfg = Debug|x86
		{B5C96A77-D29E-4348-A4FE-CE1C0CBE4550}.Debug|x86.Build.0 = Debug|x86
		{B5C96A77-D29E-4348-A4FE-CE1C0CBE4550}.Release|x86.ActiveCfg = Release|x86
		{B5C96A77-D29E-4348-A4FE-CE1C0CBE4550}.Release|x86.Build.0 = Release|x86
	EndGlobalSection
	GlobalSection(SolutionProperties) = preSolution
		HideSolutionNode = FALSE
	EndGlobalSection
EndGlobal
